<?xml version="1.0" encoding="utf-8"?>
<Project ToolsVersion="4.0" xmlns="http://schemas.microsoft.com/developer/msbuild/2003">
  <ItemGroup>
    <Filter Include="Source Files">
      <UniqueIdentifier>{4FC737F1-C7A5-4376-A066-2A32D752A2FF}</UniqueIdentifier>
      <Extensions>cpp;c;cxx;def;odl;idl;hpj;bat;asm;asmx</Extensions>
    </Filter>
    <Filter Include="Header Files">
      <UniqueIdentifier>{93995380-89BD-4b04-88EB-625FBE52EBFB}</UniqueIdentifier>
      <Extensions>h;hpp;hxx;hm;inl;inc;xsd</Extensions>
    </Filter>
    <Filter Include="resources">
      <UniqueIdentifier>{7765f071-98cf-4230-87ac-4a019e9aec8d}</UniqueIdentifier>
    </Filter>
  </ItemGroup>
  <ItemGroup>
    <ClCompile Include="main.cpp">
      <Filter>Source Files</Filter>
    </ClCompile>
    <ClCompile Include="nand.cpp">
      <Filter>Source Files</Filter>
    </ClCompile>
    <ClCompile Include="nandsvr.cpp">
      <Filter>Source Files</Filter>
    </ClCompile>
    <ClCompile Include="svr.cpp">
      <Filter>Source Files</Filter>
    </ClCompile>
    <ClCompile Include="sysex.cpp">
      <Filter>Source Files</Filter>
    </ClCompile>
    <ClCompile Include="udpannc.cpp">
      <Filter>Source Files</Filter>
    </ClCompile>
    <ClCompile Include="util.cpp">
      <Filter>Source Files</Filter>
    </ClCompile>
    <ClCompile Include="logging.cpp">
      <Filter>Source Files</Filter>
    </ClCompile>
  </ItemGroup>
  <ItemGroup>
    <ClInclude Include="nand.h">
      <Filter>Header Files</Filter>
    </ClInclude>
    <ClInclude Include="nandsvr.h">
      <Filter>Header Files</Filter>
    </ClInclude>
    <ClInclude Include="sfcx.h">
      <Filter>Header Files</Filter>
    </ClInclude>
    <ClInclude Include="svr.h">
      <Filter>Header Files</Filter>
    </ClInclude>
    <ClInclude Include="sysex.h">
      <Filter>Header Files</Filter>
    </ClInclude>
    <ClInclude Include="udpannc.h">
      <Filter>Header Files</Filter>
    </ClInclude>
    <ClInclude Include="util.h">
      <Filter>Header Files</Filter>
    </ClInclude>
    <ClInclude Include="nsvrExp.h">
      <Filter>Header Files</Filter>
    </ClInclude>
    <ClInclude Include="logging.h">
      <Filter>Header Files</Filter>
    </ClInclude>
    <ClInclude Include="version.h">
      <Filter>Header Files</Filter>
    </ClInclude>
  </ItemGroup>
  <ItemGroup>
    <None Include="xex.xml">
      <Filter>resources</Filter>
    </None>
    <None Include="usvr.def">
      <Filter>resources</Filter>
    </None>
  </ItemGroup>
</Project>