<?xml version="1.0" encoding="utf-8"?>
<Project ToolsVersion="4.0" xmlns="http://schemas.microsoft.com/developer/msbuild/2003">
  <ItemGroup>
    <Filter Include="Source Files">
      <UniqueIdentifier>{4FC737F1-C7A5-4376-A066-2A32D752A2FF}</UniqueIdentifier>
      <Extensions>cpp;c;cxx;def;odl;idl;hpj;bat;asm;asmx</Extensions>
    </Filter>
    <Filter Include="Header Files">
      <UniqueIdentifier>{93995380-89BD-4b04-88EB-625FBE52EBFB}</UniqueIdentifier>
      <Extensions>h;hpp;hxx;hm;inl;inc;xsd</Extensions>
    </Filter>
    <Filter Include="resources">
      <UniqueIdentifier>{53ac5871-b03a-4b5b-bd59-c3950819222a}</UniqueIdentifier>
    </Filter>
    <Filter Include="Header Files\App">
      <UniqueIdentifier>{f7d536d0-5e94-44c3-a0af-8556205bbf6e}</UniqueIdentifier>
    </Filter>
    <Filter Include="Source Files\App">
      <UniqueIdentifier>{e0a028e1-6ab4-4391-9a62-0aaf9486eb2c}</UniqueIdentifier>
    </Filter>
    <Filter Include="Header Files\Lists">
      <UniqueIdentifier>{b422e21a-2e52-41d9-9e84-89765561aebb}</UniqueIdentifier>
    </Filter>
    <Filter Include="Source Files\Lists">
      <UniqueIdentifier>{f62dfe5d-b096-4aa8-b70a-15765111172d}</UniqueIdentifier>
    </Filter>
    <Filter Include="Source Files\Util">
      <UniqueIdentifier>{46f6443b-e94f-4ada-8b06-2a217bb84a08}</UniqueIdentifier>
    </Filter>
    <Filter Include="Header Files\Util">
      <UniqueIdentifier>{201559eb-c7a1-4674-8fd9-01343241ba21}</UniqueIdentifier>
    </Filter>
    <Filter Include="Header Files\ftpd">
      <UniqueIdentifier>{536fd45d-44b8-402d-ab98-4586a2d7f883}</UniqueIdentifier>
    </Filter>
    <Filter Include="Source Files\ftpd">
      <UniqueIdentifier>{8fa0cd2e-79d4-4638-85fb-d0a167e12494}</UniqueIdentifier>
    </Filter>
  </ItemGroup>
  <ItemGroup>
    <ClCompile Include="Application\FSDIApp.cpp">
      <Filter>Source Files\App</Filter>
    </ClCompile>
    <ClCompile Include="Application\FSDIUIApp.cpp">
      <Filter>Source Files\App</Filter>
    </ClCompile>
    <ClCompile Include="main.cpp">
      <Filter>Source Files</Filter>
    </ClCompile>
    <ClCompile Include="installer.cpp">
      <Filter>Source Files</Filter>
    </ClCompile>
    <ClCompile Include="dashLaunch.cpp">
      <Filter>Source Files</Filter>
    </ClCompile>
    <ClCompile Include="iniList.cpp">
      <Filter>Source Files\Lists</Filter>
    </ClCompile>
    <ClCompile Include="optionsList.cpp">
      <Filter>Source Files\Lists</Filter>
    </ClCompile>
    <ClCompile Include="Util\XboxUtil.cpp">
      <Filter>Source Files\Util</Filter>
    </ClCompile>
    <ClCompile Include="Util\Nand.cpp">
      <Filter>Source Files\Util</Filter>
    </ClCompile>
    <ClCompile Include="Util\Resource.cpp">
      <Filter>Source Files\Util</Filter>
    </ClCompile>
    <ClCompile Include="Util\dlDrives.cpp">
      <Filter>Source Files\Util</Filter>
    </ClCompile>
    <ClCompile Include="optionsData.cpp">
      <Filter>Source Files\Lists</Filter>
    </ClCompile>
    <ClCompile Include="iniData.cpp">
      <Filter>Source Files\Lists</Filter>
    </ClCompile>
    <ClCompile Include="Util\DataEntry.cpp">
      <Filter>Source Files\Util</Filter>
    </ClCompile>
    <ClCompile Include="filerData.cpp">
      <Filter>Source Files\Lists</Filter>
    </ClCompile>
    <ClCompile Include="filerList.cpp">
      <Filter>Source Files\Lists</Filter>
    </ClCompile>
    <ClCompile Include="Util\Strings.cpp">
      <Filter>Source Files\Util</Filter>
    </ClCompile>
    <ClCompile Include="ftpd\permdb.cpp">
      <Filter>Source Files\ftpd</Filter>
    </ClCompile>
    <ClCompile Include="ftpd\SlimFTPd.cpp">
      <Filter>Source Files\ftpd</Filter>
    </ClCompile>
    <ClCompile Include="ftpd\tree.cpp">
      <Filter>Source Files\ftpd</Filter>
    </ClCompile>
    <ClCompile Include="ftpd\userdb.cpp">
      <Filter>Source Files\ftpd</Filter>
    </ClCompile>
    <ClCompile Include="ftpd\vfs.cpp">
      <Filter>Source Files\ftpd</Filter>
    </ClCompile>
    <ClCompile Include="sysInfo.cpp">
      <Filter>Source Files</Filter>
    </ClCompile>
    <ClCompile Include="updSvr.cpp">
      <Filter>Source Files</Filter>
    </ClCompile>
    <ClCompile Include="Util\logging.cpp">
      <Filter>Source Files</Filter>
    </ClCompile>
  </ItemGroup>
  <ItemGroup>
    <ClInclude Include="Application\FSDIApp.h">
      <Filter>Header Files\App</Filter>
    </ClInclude>
    <ClInclude Include="Application\FSDIUIApp.h">
      <Filter>Header Files\App</Filter>
    </ClInclude>
    <ClInclude Include="installer.h">
      <Filter>Header Files</Filter>
    </ClInclude>
    <ClInclude Include="..\_common.h">
      <Filter>Header Files</Filter>
    </ClInclude>
    <ClInclude Include="dashLaunch.h">
      <Filter>Header Files</Filter>
    </ClInclude>
    <ClInclude Include="iniList.h">
      <Filter>Header Files\Lists</Filter>
    </ClInclude>
    <ClInclude Include="optionsList.h">
      <Filter>Header Files\Lists</Filter>
    </ClInclude>
    <ClInclude Include="Util\XboxUtil.h">
      <Filter>Header Files\Util</Filter>
    </ClInclude>
    <ClInclude Include="Util\Nand.h">
      <Filter>Header Files\Util</Filter>
    </ClInclude>
    <ClInclude Include="Util\Resource.h">
      <Filter>Header Files\Util</Filter>
    </ClInclude>
    <ClInclude Include="Util\dlDrives.h">
      <Filter>Header Files\Util</Filter>
    </ClInclude>
    <ClInclude Include="optionsData.h">
      <Filter>Header Files\Lists</Filter>
    </ClInclude>
    <ClInclude Include="iniData.h">
      <Filter>Header Files\Lists</Filter>
    </ClInclude>
    <ClInclude Include="Util\DataEntry.h">
      <Filter>Header Files\Util</Filter>
    </ClInclude>
    <ClInclude Include="Util\SimpleIni.h">
      <Filter>Header Files\Util</Filter>
    </ClInclude>
    <ClInclude Include="filerData.h">
      <Filter>Header Files\Lists</Filter>
    </ClInclude>
    <ClInclude Include="filerList.h">
      <Filter>Header Files\Lists</Filter>
    </ClInclude>
    <ClInclude Include="Util\Strings.h">
      <Filter>Header Files\Util</Filter>
    </ClInclude>
    <ClInclude Include="Util\patchinfo.h">
      <Filter>Header Files\Util</Filter>
    </ClInclude>
    <ClInclude Include="ftpd\vfs.h">
      <Filter>Header Files\ftpd</Filter>
    </ClInclude>
    <ClInclude Include="ftpd\permdb.h">
      <Filter>Header Files\ftpd</Filter>
    </ClInclude>
    <ClInclude Include="ftpd\SlimFTPd.h">
      <Filter>Header Files\ftpd</Filter>
    </ClInclude>
    <ClInclude Include="ftpd\tree.h">
      <Filter>Header Files\ftpd</Filter>
    </ClInclude>
    <ClInclude Include="ftpd\userdb.h">
      <Filter>Header Files\ftpd</Filter>
    </ClInclude>
    <ClInclude Include="sysInfo.h">
      <Filter>Header Files</Filter>
    </ClInclude>
    <ClInclude Include="updSvr.h">
      <Filter>Header Files</Filter>
    </ClInclude>
    <ClInclude Include="Util\logging.h">
      <Filter>Header Files</Filter>
    </ClInclude>
  </ItemGroup>
  <ItemGroup>
    <None Include="xex.xml">
      <Filter>resources</Filter>
    </None>
  </ItemGroup>
</Project>